
Microsoft Visual Studio Solution File, Format Version 12.00
# Visual Studio Version 16
VisualStudioVersion = 16.0.29519.87
MinimumVisualStudioVersion = 10.0.40219.1
Project("{FAE04EC0-301F-11D3-BF4B-00C04F79EFBC}") = "xmlGRE", "xmlGRE.csproj", "{924F5FEF-BD3B-4276-8E58-CF3268297822}"
EndProject
Global
	GlobalSection(SolutionConfigurationPlatforms) = preSolution
		Debug|Any CPU = Debug|Any CPU
		Release|Any CPU = Release|Any CPU
	EndGlobalSection
	GlobalSection(ProjectConfigurationPlatforms) = postSolution
		{924F5FEF-BD3B-4276-8E58-CF3268297822}.Debug|Any CPU.ActiveCfg = Debug|Any CPU
		{924F5FEF-BD3B-4276-8E58-CF3268297822}.Debug|Any CPU.Build.0 = Debug|Any CPU
		{924F5FEF-BD3B-4276-8E58-CF3268297822}.Release|Any CPU.ActiveCfg = Release|Any CPU
		{924F5FEF-BD3B-4276-8E58-CF3268297822}.Release|Any CPU.Build.0 = Release|Any CPU
	EndGlobalSection
	GlobalSection(SolutionProperties) = preSolution
		HideSolutionNode = FALSE
	EndGlobalSection
	GlobalSection(ExtensibilityGlobals) = postSolution
		SolutionGuid = {14C92690-EDA1-4AC7-948F-00C2BA581141}
	EndGlobalSection
EndGlobal
